
Microsoft Visual Studio Solution File, Format Version 12.00
# Visual Studio Version 17
VisualStudioVersion = 17.9.34728.123
MinimumVisualStudioVersion = 10.0.40219.1
Project("{FAE04EC0-301F-11D3-BF4B-00C04F79EFBC}") = "CharacterFrequency", "CharacterFrequency.csproj", "{D4D0339F-0728-40BE-BD55-6363A101CE97}"
EndProject
Global
	GlobalSection(SolutionConfigurationPlatforms) = preSolution
		Debug|Any CPU = Debug|Any CPU
		Release|Any CPU = Release|Any CPU
	EndGlobalSection
	GlobalSection(ProjectConfigurationPlatforms) = postSolution
		{D4D0339F-0728-40BE-BD55-6363A101CE97}.Debug|Any CPU.ActiveCfg = Debug|Any CPU
		{D4D0339F-0728-40BE-BD55-6363A101CE97}.Debug|Any CPU.Build.0 = Debug|Any CPU
		{D4D0339F-0728-40BE-BD55-6363A101CE97}.Release|Any CPU.ActiveCfg = Release|Any CPU
		{D4D0339F-0728-40BE-BD55-6363A101CE97}.Release|Any CPU.Build.0 = Release|Any CPU
	EndGlobalSection
	GlobalSection(SolutionProperties) = preSolution
		HideSolutionNode = FALSE
	EndGlobalSection
	GlobalSection(ExtensibilityGlobals) = postSolution
		SolutionGuid = {A3DB42F7-13CC-4C2F-9F30-B6E83C3FD8AC}
	EndGlobalSection
EndGlobal
